
Microsoft Visual Studio Solution File, Format Version 12.00
# Visual Studio Version 17
VisualStudioVersion = 17.10.34916.146
MinimumVisualStudioVersion = 10.0.40219.1
Project("{9A19103F-16F7-4668-BE54-9A1E7A4F7556}") = "GestaoPedidos.API", "GestaoPedidos.API\GestaoPedidos.API.csproj", "{063DB4D7-A5FC-425A-A0B7-535ECACAB9D8}"
EndProject
Project("{9A19103F-16F7-4668-BE54-9A1E7A4F7556}") = "GestaoPedidos.Domain", "GestaoPedidos.Domain\GestaoPedidos.Domain.csproj", "{37832549-3601-4135-9344-333B3D9A3C97}"
EndProject
Project("{9A19103F-16F7-4668-BE54-9A1E7A4F7556}") = "GestaoPedidos.Application", "GestaoPedidos.Application\GestaoPedidos.Application.csproj", "{B2F6730D-C220-4708-80FC-C7F73C560FFF}"
EndProject
Project("{9A19103F-16F7-4668-BE54-9A1E7A4F7556}") = "GestaoPedidos.Infra", "GestaoPedidos.Infra\GestaoPedidos.Infra.csproj", "{B4692FE4-5E6C-4B17-9B3A-852E4479F87E}"
EndProject
Global
	GlobalSection(SolutionConfigurationPlatforms) = preSolution
		Debug|Any CPU = Debug|Any CPU
		Release|Any CPU = Release|Any CPU
	EndGlobalSection
	GlobalSection(ProjectConfigurationPlatforms) = postSolution
		{063DB4D7-A5FC-425A-A0B7-535ECACAB9D8}.Debug|Any CPU.ActiveCfg = Debug|Any CPU
		{063DB4D7-A5FC-425A-A0B7-535ECACAB9D8}.Debug|Any CPU.Build.0 = Debug|Any CPU
		{063DB4D7-A5FC-425A-A0B7-535ECACAB9D8}.Release|Any CPU.ActiveCfg = Release|Any CPU
		{063DB4D7-A5FC-425A-A0B7-535ECACAB9D8}.Release|Any CPU.Build.0 = Release|Any CPU
		{37832549-3601-4135-9344-333B3D9A3C97}.Debug|Any CPU.ActiveCfg = Debug|Any CPU
		{37832549-3601-4135-9344-333B3D9A3C97}.Debug|Any CPU.Build.0 = Debug|Any CPU
		{37832549-3601-4135-9344-333B3D9A3C97}.Release|Any CPU.ActiveCfg = Release|Any CPU
		{37832549-3601-4135-9344-333B3D9A3C97}.Release|Any CPU.Build.0 = Release|Any CPU
		{B2F6730D-C220-4708-80FC-C7F73C560FFF}.Debug|Any CPU.ActiveCfg = Debug|Any CPU
		{B2F6730D-C220-4708-80FC-C7F73C560FFF}.Debug|Any CPU.Build.0 = Debug|Any CPU
		{B2F6730D-C220-4708-80FC-C7F73C560FFF}.Release|Any CPU.ActiveCfg = Release|Any CPU
		{B2F6730D-C220-4708-80FC-C7F73C560FFF}.Release|Any CPU.Build.0 = Release|Any CPU
		{B4692FE4-5E6C-4B17-9B3A-852E4479F87E}.Debug|Any CPU.ActiveCfg = Debug|Any CPU
		{B4692FE4-5E6C-4B17-9B3A-852E4479F87E}.Debug|Any CPU.Build.0 = Debug|Any CPU
		{B4692FE4-5E6C-4B17-9B3A-852E4479F87E}.Release|Any CPU.ActiveCfg = Release|Any CPU
		{B4692FE4-5E6C-4B17-9B3A-852E4479F87E}.Release|Any CPU.Build.0 = Release|Any CPU
	EndGlobalSection
	GlobalSection(SolutionProperties) = preSolution
		HideSolutionNode = FALSE
	EndGlobalSection
	GlobalSection(ExtensibilityGlobals) = postSolution
		SolutionGuid = {AEC180E3-49F2-4339-8799-476D24860F4D}
	EndGlobalSection
EndGlobal
